hash: be950538d60f5b8baf2ebae55db370b2331f68611deba7ffe8f924a0ca30aae2
updated: 2017-01-11T10:51:30.090386229-05:00
imports:
- name: github.com/blang/semver
  version: 31b736133b98f26d5e078ec9eb591666edfd091f
- name: github.com/golang/glog
  version: 44145f04b68cf362d9c4df2182967c2275eaefed
- name: github.com/spf13/pflag
  version: 5ccb023bc27df288a957c5e994cd44fd19619465
- name: k8s.io/kubernetes
  version: 42fe4ab0270e44c750d77c682e2fcab394aeb392
  subpackages:
  - pkg/util/flag
  - pkg/util/logs
  - pkg/util/runtime
  - pkg/util/wait
  - pkg/version
  - pkg/version/verflag
  - plugin/cmd/kube-scheduler/app
  - plugin/cmd/kube-scheduler/app/options
testImports: []
